
Microsoft Visual Studio Solution File, Format Version 12.00
# Visual Studio Version 17
VisualStudioVersion = 17.0.31903.59
MinimumVisualStudioVersion = 10.0.40219.1
Project("{2150E333-8FDC-42A3-9474-1A3956D46DE8}") = "src", "src", "{7739B816-EA8F-4C26-9B5A-6A2AB45EEC07}"
EndProject
Project("{FAE04EC0-301F-11D3-BF4B-00C04F79EFBC}") = "FliptClient", "src\FliptClient\FliptClient.csproj", "{0FF0E57A-2DBA-4E29-BC0E-D86B04E7092E}"
EndProject
Project("{2150E333-8FDC-42A3-9474-1A3956D46DE8}") = "tests", "tests", "{4E8D7E46-E419-4235-95C2-9E5C4037B731}"
EndProject
Project("{FAE04EC0-301F-11D3-BF4B-00C04F79EFBC}") = "FliptClient.Tests", "tests\FliptClient.Tests\FliptClient.Tests.csproj", "{42663DCD-E7BF-4CAF-B817-82FDD9BEDCD1}"
EndProject
Global
	GlobalSection(SolutionConfigurationPlatforms) = preSolution
		Debug|Any CPU = Debug|Any CPU
		Release|Any CPU = Release|Any CPU
	EndGlobalSection
	GlobalSection(SolutionProperties) = preSolution
		HideSolutionNode = FALSE
	EndGlobalSection
	GlobalSection(ProjectConfigurationPlatforms) = postSolution
		{0FF0E57A-2DBA-4E29-BC0E-D86B04E7092E}.Debug|Any CPU.ActiveCfg = Debug|Any CPU
		{0FF0E57A-2DBA-4E29-BC0E-D86B04E7092E}.Debug|Any CPU.Build.0 = Debug|Any CPU
		{0FF0E57A-2DBA-4E29-BC0E-D86B04E7092E}.Release|Any CPU.ActiveCfg = Release|Any CPU
		{0FF0E57A-2DBA-4E29-BC0E-D86B04E7092E}.Release|Any CPU.Build.0 = Release|Any CPU
		{42663DCD-E7BF-4CAF-B817-82FDD9BEDCD1}.Debug|Any CPU.ActiveCfg = Debug|Any CPU
		{42663DCD-E7BF-4CAF-B817-82FDD9BEDCD1}.Debug|Any CPU.Build.0 = Debug|Any CPU
		{42663DCD-E7BF-4CAF-B817-82FDD9BEDCD1}.Release|Any CPU.ActiveCfg = Release|Any CPU
		{42663DCD-E7BF-4CAF-B817-82FDD9BEDCD1}.Release|Any CPU.Build.0 = Release|Any CPU
	EndGlobalSection
	GlobalSection(NestedProjects) = preSolution
		{0FF0E57A-2DBA-4E29-BC0E-D86B04E7092E} = {7739B816-EA8F-4C26-9B5A-6A2AB45EEC07}
		{42663DCD-E7BF-4CAF-B817-82FDD9BEDCD1} = {4E8D7E46-E419-4235-95C2-9E5C4037B731}
	EndGlobalSection
EndGlobal
